
Microsoft Visual Studio Solution File, Format Version 12.00
# Visual Studio Version 17
VisualStudioVersion = 17.3.32901.215
MinimumVisualStudioVersion = 10.0.40219.1
Project("{FAE04EC0-301F-11D3-BF4B-00C04F79EFBC}") = "PlayVideo", "PlayVoide\PlayVideo.csproj", "{C7651EA8-95E5-4974-A0C1-4DAF9014F589}"
EndProject
Global
	GlobalSection(SolutionConfigurationPlatforms) = preSolution
		Debug|Any CPU = Debug|Any CPU
		Release|Any CPU = Release|Any CPU
	EndGlobalSection
	GlobalSection(ProjectConfigurationPlatforms) = postSolution
		{C7651EA8-95E5-4974-A0C1-4DAF9014F589}.Debug|Any CPU.ActiveCfg = Debug|Any CPU
		{C7651EA8-95E5-4974-A0C1-4DAF9014F589}.Debug|Any CPU.Build.0 = Debug|Any CPU
		{C7651EA8-95E5-4974-A0C1-4DAF9014F589}.Release|Any CPU.ActiveCfg = Release|Any CPU
		{C7651EA8-95E5-4974-A0C1-4DAF9014F589}.Release|Any CPU.Build.0 = Release|Any CPU
	EndGlobalSection
	GlobalSection(SolutionProperties) = preSolution
		HideSolutionNode = FALSE
	EndGlobalSection
	GlobalSection(ExtensibilityGlobals) = postSolution
		SolutionGuid = {F85A3C8B-9FD1-4889-B895-EE1A95F562AB}
	EndGlobalSection
EndGlobal
